// !$*UTF8*$!
{
	archiveVersion = 1;
	classes = {
	};
	objectVersion = 50;
	objects = {

/* Begin PBXBuildFile section */
		AF1D77E6252670A40090995A /* AppDelegate.swift in Sources */ = {isa = PBXBuildFile; fileRef = AF1D77E5252670A40090995A /* AppDelegate.swift */; };
		AF1D77E8252670A40090995A /* SceneDelegate.swift in Sources */ = {isa = PBXBuildFile; fileRef = AF1D77E7252670A40090995A /* SceneDelegate.swift */; };
		AF1D77EA252670A40090995A /* ViewController.swift in Sources */ = {isa = PBXBuildFile; fileRef = AF1D77E9252670A40090995A /* ViewController.swift */; };
		AF1D77ED252670A40090995A /* Main.storyboard in Resources */ = {isa = PBXBuildFile; fileRef = AF1D77EB252670A40090995A /* Main.storyboard */; };
		AF1D77F0252670A40090995A /* MyCalculator.xcdatamodeld in Sources */ = {isa = PBXBuildFile; fileRef = AF1D77EE252670A40090995A /* MyCalculator.xcdatamodeld */; };
		AF1D77F2252670A70090995A /* Assets.xcassets in Resources */ = {isa = PBXBuildFile; fileRef = AF1D77F1252670A70090995A /* Assets.xcassets */; };
		AF1D77F5252670A70090995A /* LaunchScreen.storyboard in Resources */ = {isa = PBXBuildFile; fileRef = AF1D77F3252670A70090995A /* LaunchScreen.storyboard */; };
		AF1D7800252670A70090995A /* MyCalculatorTests.swift in Sources */ = {isa = PBXBuildFile; fileRef = AF1D77FF252670A70090995A /* MyCalculatorTests.swift */; };
		AF1D780B252670A70090995A /* MyCalculatorUITests.swift in Sources */ = {isa = PBXBuildFile; fileRef = AF1D780A252670A70090995A /* MyCalculatorUITests.swift */; };
/* End PBXBuildFile section */

/* Begin PBXContainerItemProxy section */
		AF1D77FC252670A70090995A /* PBXContainerItemProxy */ = {
			isa = PBXContainerItemProxy;
			containerPortal = AF1D77DA252670A30090995A /* Project object */;
			proxyType = 1;
			remoteGlobalIDString = AF1D77E1252670A40090995A;
			remoteInfo = MyCalculator;
		};
		AF1D7807252670A70090995A /* PBXContainerItemProxy */ = {
			isa = PBXContainerItemProxy;
			containerPortal = AF1D77DA252670A30090995A /* Project object */;
			proxyType = 1;
			remoteGlobalIDString = AF1D77E1252670A40090995A;
			remoteInfo = MyCalculator;
		};
/* End PBXContainerItemProxy section */

/* Begin PBXFileReference section */
		AF1D77E2252670A40090995A /* MyCalculator.app */ = {isa = PBXFileReference; explicitFileType = wrapper.application; includeInIndex = 0; path = MyCalculator.app; sourceTree = BUILT_PRODUCTS_DIR; };
		AF1D77E5252670A40090995A /* AppDelegate.swift */ = {isa = PBXFileReference; lastKnownFileType = sourcecode.swift; path = AppDelegate.swift; sourceTree = "<group>"; };
		AF1D77E7252670A40090995A /* SceneDelegate.swift */ = {isa = PBXFileReference; lastKnownFileType = sourcecode.swift; path = SceneDelegate.swift; sourceTree = "<group>"; };
		AF1D77E9252670A40090995A /* ViewController.swift */ = {isa = PBXFileReference; lastKnownFileType = sourcecode.swift; path = ViewController.swift; sourceTree = "<group>"; };
		AF1D77EC252670A40090995A /* Base */ = {isa = PBXFileReference; lastKnownFileType = file.storyboard; name = Base; path = Base.lproj/Main.storyboard; sourceTree = "<group>"; };
		AF1D77EF252670A40090995A /* MyCalculator.xcdatamodel */ = {isa = PBXFileReference; lastKnownFileType = wrapper.xcdatamodel; path = MyCalculator.xcdatamodel; sourceTree = "<group>"; };
		AF1D77F1252670A70090995A /* Assets.xcassets */ = {isa = PBXFileReference; lastKnownFileType = folder.assetcatalog; path = Assets.xcassets; sourceTree = "<group>"; };
		AF1D77F4252670A70090995A /* Base */ = {isa = PBXFileReference; lastKnownFileType = file.storyboard; name = Base; path = Base.lproj/LaunchScreen.storyboard; sourceTree = "<group>"; };
		AF1D77F6252670A70090995A /* Info.plist */ = {isa = PBXFileReference; lastKnownFileType = text.plist.xml; path = Info.plist; sourceTree = "<group>"; };
		AF1D77FB252670A70090995A /* MyCalculatorTests.xctest */ = {isa = PBXFileReference; explicitFileType = wrapper.cfbundle; includeInIndex = 0; path = MyCalculatorTests.xctest; sourceTree = BUILT_PRODUCTS_DIR; };
		AF1D77FF252670A70090995A /* MyCalculatorTests.swift */ = {isa = PBXFileReference; lastKnownFileType = sourcecode.swift; path = MyCalculatorTests.swift; sourceTree = "<group>"; };
		AF1D7801252670A70090995A /* Info.plist */ = {isa = PBXFileReference; lastKnownFileType = text.plist.xml; path = Info.plist; sourceTree = "<group>"; };
		AF1D7806252670A70090995A /* MyCalculatorUITests.xctest */ = {isa = PBXFileReference; explicitFileType = wrapper.cfbundle; includeInIndex = 0; path = MyCalculatorUITests.xctest; sourceTree = BUILT_PRODUCTS_DIR; };
		AF1D780A252670A70090995A /* MyCalculatorUITests.swift */ = {isa = PBXFileReference; lastKnownFileType = sourcecode.swift; path = MyCalculatorUITests.swift; sourceTree = "<group>"; };
		AF1D780C252670A70090995A /* Info.plist */ = {isa = PBXFileReference; lastKnownFileType = text.plist.xml; path = Info.plist; sourceTree = "<group>"; };
/* End PBXFileReference section */

/* Begin PBXFrameworksBuildPhase section */
		AF1D77DF252670A40090995A /* Frameworks */ = {
			isa = PBXFrameworksBuildPhase;
			buildActionMask = 2147483647;
			files = (
			);
			runOnlyForDeploymentPostprocessing = 0;
		};
		AF1D77F8252670A70090995A /* Frameworks */ = {
			isa = PBXFrameworksBuildPhase;
			buildActionMask = 2147483647;
			files = (
			);
			runOnlyForDeploymentPostprocessing = 0;
		};
		AF1D7803252670A70090995A /* Frameworks */ = {
			isa = PBXFrameworksBuildPhase;
			buildActionMask = 2147483647;
			files = (
			);
			runOnlyForDeploymentPostprocessing = 0;
		};
/* End PBXFrameworksBuildPhase section */

/* Begin PBXGroup section */
		AF1D77D9252670A30090995A = {
			isa = PBXGroup;
			children = (
				AF1D77E4252670A40090995A /* MyCalculator */,
				AF1D77FE252670A70090995A /* MyCalculatorTests */,
				AF1D7809252670A70090995A /* MyCalculatorUITests */,
				AF1D77E3252670A40090995A /* Products */,
			);
			sourceTree = "<group>";
		};
		AF1D77E3252670A40090995A /* Products */ = {
			isa = PBXGroup;
			children = (
				AF1D77E2252670A40090995A /* MyCalculator.app */,
				AF1D77FB252670A70090995A /* MyCalculatorTests.xctest */,
				AF1D7806252670A70090995A /* MyCalculatorUITests.xctest */,
			);
			name = Products;
			sourceTree = "<group>";
		};
		AF1D77E4252670A40090995A /* MyCalculator */ = {
			isa = PBXGroup;
			children = (
				AF1D77E5252670A40090995A /* AppDelegate.swift */,
				AF1D77E7252670A40090995A /* SceneDelegate.swift */,
				AF1D77E9252670A40090995A /* ViewController.swift */,
				AF1D77EB252670A40090995A /* Main.storyboard */,
				AF1D77F1252670A70090995A /* Assets.xcassets */,
				AF1D77F3252670A70090995A /* LaunchScreen.storyboard */,
				AF1D77F6252670A70090995A /* Info.plist */,
				AF1D77EE252670A40090995A /* MyCalculator.xcdatamodeld */,
			);
			path = MyCalculator;
			sourceTree = "<group>";
		};
		AF1D77FE252670A70090995A /* MyCalculatorTests */ = {
			isa = PBXGroup;
			children = (
				AF1D77FF252670A70090995A /* MyCalculatorTests.swift */,
				AF1D7801252670A70090995A /* Info.plist */,
			);
			path = MyCalculatorTests;
			sourceTree = "<group>";
		};
		AF1D7809252670A70090995A /* MyCalculatorUITests */ = {
			isa = PBXGroup;
			children = (
				AF1D780A252670A70090995A /* MyCalculatorUITests.swift */,
				AF1D780C252670A70090995A /* Info.plist */,
			);
			path = MyCalculatorUITests;
			sourceTree = "<group>";
		};
/* End PBXGroup section */

/* Begin PBXNativeTarget section */
		AF1D77E1252670A40090995A /* MyCalculator */ = {
			isa = PBXNativeTarget;
			buildConfigurationList = AF1D780F252670A70090995A /* Build configuration list for PBXNativeTarget "MyCalculator" */;
			buildPhases = (
				AF1D77DE252670A40090995A /* Sources */,
				AF1D77DF252670A40090995A /* Frameworks */,
				AF1D77E0252670A40090995A /* Resources */,
			);
			buildRules = (
			);
			dependencies = (
			);
			name = MyCalculator;
			productName = MyCalculator;
			productReference = AF1D77E2252670A40090995A /* MyCalculator.app */;
			productType = "com.apple.product-type.application";
		};
		AF1D77FA252670A70090995A /* MyCalculatorTests */ = {
			isa = PBXNativeTarget;
			buildConfigurationList = AF1D7812252670A70090995A /* Build configuration list for PBXNativeTarget "MyCalculatorTests" */;
			buildPhases = (
				AF1D77F7252670A70090995A /* Sources */,
				AF1D77F8252670A70090995A /* Frameworks */,
				AF1D77F9252670A70090995A /* Resources */,
			);
			buildRules = (
			);
			dependencies = (
				AF1D77FD252670A70090995A /* PBXTargetDependency */,
			);
			name = MyCalculatorTests;
			productName = MyCalculatorTests;
			productReference = AF1D77FB252670A70090995A /* MyCalculatorTests.xctest */;
			productType = "com.apple.product-type.bundle.unit-test";
		};
		AF1D7805252670A70090995A /* MyCalculatorUITests */ = {
			isa = PBXNativeTarget;
			buildConfigurationList = AF1D7815252670A70090995A /* Build configuration list for PBXNativeTarget "MyCalculatorUITests" */;
			buildPhases = (
				AF1D7802252670A70090995A /* Sources */,
				AF1D7803252670A70090995A /* Frameworks */,
				AF1D7804252670A70090995A /* Resources */,
			);
			buildRules = (
			);
			dependencies = (
				AF1D7808252670A70090995A /* PBXTargetDependency */,
			);
			name = MyCalculatorUITests;
			productName = MyCalculatorUITests;
			productReference = AF1D7806252670A70090995A /* MyCalculatorUITests.xctest */;
			productType = "com.apple.product-type.bundle.ui-testing";
		};
/* End PBXNativeTarget section */

/* Begin PBXProject section */
		AF1D77DA252670A30090995A /* Project object */ = {
			isa = PBXProject;
			attributes = {
				LastSwiftUpdateCheck = 1170;
				LastUpgradeCheck = 1170;
				ORGANIZATIONNAME = Manoj;
				TargetAttributes = {
					AF1D77E1252670A40090995A = {
						CreatedOnToolsVersion = 11.7;
					};
					AF1D77FA252670A70090995A = {
						CreatedOnToolsVersion = 11.7;
						TestTargetID = AF1D77E1252670A40090995A;
					};
					AF1D7805252670A70090995A = {
						CreatedOnToolsVersion = 11.7;
						TestTargetID = AF1D77E1252670A40090995A;
					};
				};
			};
			buildConfigurationList = AF1D77DD252670A30090995A /* Build configuration list for PBXProject "MyCalculator" */;
			compatibilityVersion = "Xcode 9.3";
			developmentRegion = en;
			hasScannedForEncodings = 0;
			knownRegions = (
				en,
				Base,
			);
			mainGroup = AF1D77D9252670A30090995A;
			productRefGroup = AF1D77E3252670A40090995A /* Products */;
			projectDirPath = "";
			projectRoot = "";
			targets = (
				AF1D77E1252670A40090995A /* MyCalculator */,
				AF1D77FA252670A70090995A /* MyCalculatorTests */,
				AF1D7805252670A70090995A /* MyCalculatorUITests */,
			);
		};
/* End PBXProject section */

/* Begin PBXResourcesBuildPhase section */
		AF1D77E0252670A40090995A /* Resources */ = {
			isa = PBXResourcesBuildPhase;
			buildActionMask = 2147483647;
			files = (
				AF1D77F5252670A70090995A /* LaunchScreen.storyboard in Resources */,
				AF1D77F2252670A70090995A /* Assets.xcassets in Resources */,
				AF1D77ED252670A40090995A /* Main.storyboard in Resources */,
			);
			runOnlyForDeploymentPostprocessing = 0;
		};
		AF1D77F9252670A70090995A /* Resources */ = {
			isa = PBXResourcesBuildPhase;
			buildActionMask = 2147483647;
			files = (
			);
			runOnlyForDeploymentPostprocessing = 0;
		};
		AF1D7804252670A70090995A /* Resources */ = {
			isa = PBXResourcesBuildPhase;
			buildActionMask = 2147483647;
			files = (
			);
			runOnlyForDeploymentPostprocessing = 0;
		};
/* End PBXResourcesBuildPhase section */

/* Begin PBXSourcesBuildPhase section */
		AF1D77DE252670A40090995A /* Sources */ = {
			isa = PBXSourcesBuildPhase;
			buildActionMask = 2147483647;
			files = (
				AF1D77EA252670A40090995A /* ViewController.swift in Sources */,
				AF1D77F0252670A40090995A /* MyCalculator.xcdatamodeld in Sources */,
				AF1D77E6252670A40090995A /* AppDelegate.swift in Sources */,
				AF1D77E8252670A40090995A /* SceneDelegate.swift in Sources */,
			);
			runOnlyForDeploymentPostprocessing = 0;
		};
		AF1D77F7252670A70090995A /* Sources */ = {
			isa = PBXSourcesBuildPhase;
			buildActionMask = 2147483647;
			files = (
				AF1D7800252670A70090995A /* MyCalculatorTests.swift in Sources */,
			);
			runOnlyForDeploymentPostprocessing = 0;
		};
		AF1D7802252670A70090995A /* Sources */ = {
			isa = PBXSourcesBuildPhase;
			buildActionMask = 2147483647;
			files = (
				AF1D780B252670A70090995A /* MyCalculatorUITests.swift in Sources */,
			);
			runOnlyForDeploymentPostprocessing = 0;
		};
/* End PBXSourcesBuildPhase section */

/* Begin PBXTargetDependency section */
		AF1D77FD252670A70090995A /* PBXTargetDependency */ = {
			isa = PBXTargetDependency;
			target = AF1D77E1252670A40090995A /* MyCalculator */;
			targetProxy = AF1D77FC252670A70090995A /* PBXContainerItemProxy */;
		};
		AF1D7808252670A70090995A /* PBXTargetDependency */ = {
			isa = PBXTargetDependency;
			target = AF1D77E1252670A40090995A /* MyCalculator */;
			targetProxy = AF1D7807252670A70090995A /* PBXContainerItemProxy */;
		};
/* End PBXTargetDependency section */

/* Begin PBXVariantGroup section */
		AF1D77EB252670A40090995A /* Main.storyboard */ = {
			isa = PBXVariantGroup;
			children = (
				AF1D77EC252670A40090995A /* Base */,
			);
			name = Main.storyboard;
			sourceTree = "<group>";
		};
		AF1D77F3252670A70090995A /* LaunchScreen.storyboard */ = {
			isa = PBXVariantGroup;
			children = (
				AF1D77F4252670A70090995A /* Base */,
			);
			name = LaunchScreen.storyboard;
			sourceTree = "<group>";
		};
/* End PBXVariantGroup section */

/* Begin XCBuildConfiguration section */
		AF1D780D252670A70090995A /* Debug */ = {
			isa = XCBuildConfiguration;
			buildSettings = {
				ALWAYS_SEARCH_USER_PATHS = NO;
				CLANG_ANALYZER_NONNULL = YES;
				CLANG_ANALYZER_NUMBER_OBJECT_CONVERSION = YES_AGGRESSIVE;
				CLANG_CXX_LANGUAGE_STANDARD = "gnu++14";
				CLANG_CXX_LIBRARY = "libc++";
				CLANG_ENABLE_MODULES = YES;
				CLANG_ENABLE_OBJC_ARC = YES;
				CLANG_ENABLE_OBJC_WEAK = YES;
				CLANG_WARN_BLOCK_CAPTURE_AUTORELEASING = YES;
				CLANG_WARN_BOOL_CONVERSION = YES;
				CLANG_WARN_COMMA = YES;
				CLANG_WARN_CONSTANT_CONVERSION = YES;
				CLANG_WARN_DEPRECATED_OBJC_IMPLEMENTATIONS = YES;
				CLANG_WARN_DIRECT_OBJC_ISA_USAGE = YES_ERROR;
				CLANG_WARN_DOCUMENTATION_COMMENTS = YES;
				CLANG_WARN_EMPTY_BODY = YES;
				CLANG_WARN_ENUM_CONVERSION = YES;
				CLANG_WARN_INFINITE_RECURSION = YES;
				CLANG_WARN_INT_CONVERSION = YES;
				CLANG_WARN_NON_LITERAL_NULL_CONVERSION = YES;
				CLANG_WARN_OBJC_IMPLICIT_RETAIN_SELF = YES;
				CLANG_WARN_OBJC_LITERAL_CONVERSION = YES;
				CLANG_WARN_OBJC_ROOT_CLASS = YES_ERROR;
				CLANG_WARN_RANGE_LOOP_ANALYSIS = YES;
				CLANG_WARN_STRICT_PROTOTYPES = YES;
				CLANG_WARN_SUSPICIOUS_MOVE = YES;
				CLANG_WARN_UNGUARDED_AVAILABILITY = YES_AGGRESSIVE;
				CLANG_WARN_UNREACHABLE_CODE = YES;
				CLANG_WARN__DUPLICATE_METHOD_MATCH = YES;
				COPY_PHASE_STRIP = NO;
				DEBUG_INFORMATION_FORMAT = dwarf;
				ENABLE_STRICT_OBJC_MSGSEND = YES;
				ENABLE_TESTABILITY = YES;
				GCC_C_LANGUAGE_STANDARD = gnu11;
				GCC_DYNAMIC_NO_PIC = NO;
				GCC_NO_COMMON_BLOCKS = YES;
				GCC_OPTIMIZATION_LEVEL = 0;
				GCC_PREPROCESSOR_DEFINITIONS = (
					"DEBUG=1",
					"$(inherited)",
				);
				GCC_WARN_64_TO_32_BIT_CONVERSION = YES;
				GCC_WARN_ABOUT_RETURN_TYPE = YES_ERROR;
				GCC_WARN_UNDECLARED_SELECTOR = YES;
				GCC_WARN_UNINITIALIZED_AUTOS = YES_AGGRESSIVE;
				GCC_WARN_UNUSED_FUNCTION = YES;
				GCC_WARN_UNUSED_VARIABLE = YES;
				IPHONEOS_DEPLOYMENT_TARGET = 13.7;
				MTL_ENABLE_DEBUG_INFO = INCLUDE_SOURCE;
				MTL_FAST_MATH = YES;
				ONLY_ACTIVE_ARCH = YES;
				SDKROOT = iphoneos;
				SWIFT_ACTIVE_COMPILATION_CONDITIONS = DEBUG;
				SWIFT_OPTIMIZATION_LEVEL = "-Onone";
			};
			name = Debug;
		};
		AF1D780E252670A70090995A /* Release */ = {
			isa = XCBuildConfiguration;
			buildSettings = {
				ALWAYS_SEARCH_USER_PATHS = NO;
				CLANG_ANALYZER_NONNULL = YES;
				CLANG_ANALYZER_NUMBER_OBJECT_CONVERSION = YES_AGGRESSIVE;
				CLANG_CXX_LANGUAGE_STANDARD = "gnu++14";
				CLANG_CXX_LIBRARY = "libc++";
				CLANG_ENABLE_MODULES = YES;
				CLANG_ENABLE_OBJC_ARC = YES;
				CLANG_ENABLE_OBJC_WEAK = YES;
				CLANG_WARN_BLOCK_CAPTURE_AUTORELEASING = YES;
				CLANG_WARN_BOOL_CONVERSION = YES;
				CLANG_WARN_COMMA = YES;
				CLANG_WARN_CONSTANT_CONVERSION = YES;
				CLANG_WARN_DEPRECATED_OBJC_IMPLEMENTATIONS = YES;
				CLANG_WARN_DIRECT_OBJC_ISA_USAGE = YES_ERROR;
				CLANG_WARN_DOCUMENTATION_COMMENTS = YES;
				CLANG_WARN_EMPTY_BODY = YES;
				CLANG_WARN_ENUM_CONVERSION = YES;
				CLANG_WARN_INFINITE_RECURSION = YES;
				CLANG_WARN_INT_CONVERSION = YES;
				CLANG_WARN_NON_LITERAL_NULL_CONVERSION = YES;
				CLANG_WARN_OBJC_IMPLICIT_RETAIN_SELF = YES;
				CLANG_WARN_OBJC_LITERAL_CONVERSION = YES;
				CLANG_WARN_OBJC_ROOT_CLASS = YES_ERROR;
				CLANG_WARN_RANGE_LOOP_ANALYSIS = YES;
				CLANG_WARN_STRICT_PROTOTYPES = YES;
				CLANG_WARN_SUSPICIOUS_MOVE = YES;
				CLANG_WARN_UNGUARDED_AVAILABILITY = YES_AGGRESSIVE;
				CLANG_WARN_UNREACHABLE_CODE = YES;
				CLANG_WARN__DUPLICATE_METHOD_MATCH = YES;
				COPY_PHASE_STRIP = NO;
				DEBUG_INFORMATION_FORMAT = "dwarf-with-dsym";
				ENABLE_NS_ASSERTIONS = NO;
				ENABLE_STRICT_OBJC_MSGSEND = YES;
				GCC_C_LANGUAGE_STANDARD = gnu11;
				GCC_NO_COMMON_BLOCKS = YES;
				GCC_WARN_64_TO_32_BIT_CONVERSION = YES;
				GCC_WARN_ABOUT_RETURN_TYPE = YES_ERROR;
				GCC_WARN_UNDECLARED_SELECTOR = YES;
				GCC_WARN_UNINITIALIZED_AUTOS = YES_AGGRESSIVE;
				GCC_WARN_UNUSED_FUNCTION = YES;
				GCC_WARN_UNUSED_VARIABLE = YES;
				IPHONEOS_DEPLOYMENT_TARGET = 13.7;
				MTL_ENABLE_DEBUG_INFO = NO;
				MTL_FAST_MATH = YES;
				SDKROOT = iphoneos;
				SWIFT_COMPILATION_MODE = wholemodule;
				SWIFT_OPTIMIZATION_LEVEL = "-O";
				VALIDATE_PRODUCT = YES;
			};
			name = Release;
		};
		AF1D7810252670A70090995A /* Debug */ = {
			isa = XCBuildConfiguration;
			buildSettings = {
				ASSETCATALOG_COMPILER_APPICON_NAME = AppIcon;
				CODE_SIGN_STYLE = Automatic;
				DEVELOPMENT_TEAM = C43UC6G233;
				INFOPLIST_FILE = MyCalculator/Info.plist;
				LD_RUNPATH_SEARCH_PATHS = (
					"$(inherited)",
					"@executable_path/Frameworks",
				);
				PRODUCT_BUNDLE_IDENTIFIER = Manoj.MyCalculator;
				PRODUCT_NAME = "$(TARGET_NAME)";
				SWIFT_VERSION = 5.0;
				TARGETED_DEVICE_FAMILY = "1,2";
			};
			name = Debug;
		};
		AF1D7811252670A70090995A /* Release */ = {
			isa = XCBuildConfiguration;
			buildSettings = {
				ASSETCATALOG_COMPILER_APPICON_NAME = AppIcon;
				CODE_SIGN_STYLE = Automatic;
				DEVELOPMENT_TEAM = C43UC6G233;
				INFOPLIST_FILE = MyCalculator/Info.plist;
				LD_RUNPATH_SEARCH_PATHS = (
					"$(inherited)",
					"@executable_path/Frameworks",
				);
				PRODUCT_BUNDLE_IDENTIFIER = Manoj.MyCalculator;
				PRODUCT_NAME = "$(TARGET_NAME)";
				SWIFT_VERSION = 5.0;
				TARGETED_DEVICE_FAMILY = "1,2";
			};
			name = Release;
		};
		AF1D7813252670A70090995A /* Debug */ = {
			isa = XCBuildConfiguration;
			buildSettings = {
				ALWAYS_EMBED_SWIFT_STANDARD_LIBRARIES = YES;
				BUNDLE_LOADER = "$(TEST_HOST)";
				CODE_SIGN_STYLE = Automatic;
				DEVELOPMENT_TEAM = C43UC6G233;
				INFOPLIST_FILE = MyCalculatorTests/Info.plist;
				IPHONEOS_DEPLOYMENT_TARGET = 13.7;
				LD_RUNPATH_SEARCH_PATHS = (
					"$(inherited)",
					"@executable_path/Frameworks",
					"@loader_path/Frameworks",
				);
				PRODUCT_BUNDLE_IDENTIFIER = Manoj.MyCalculatorTests;
				PRODUCT_NAME = "$(TARGET_NAME)";
				SWIFT_VERSION = 5.0;
				TARGETED_DEVICE_FAMILY = "1,2";
				TEST_HOST = "$(BUILT_PRODUCTS_DIR)/MyCalculator.app/MyCalculator";
			};
			name = Debug;
		};
		AF1D7814252670A70090995A /* Release */ = {
			isa = XCBuildConfiguration;
			buildSettings = {
				ALWAYS_EMBED_SWIFT_STANDARD_LIBRARIES = YES;
				BUNDLE_LOADER = "$(TEST_HOST)";
				CODE_SIGN_STYLE = Automatic;
				DEVELOPMENT_TEAM = C43UC6G233;
				INFOPLIST_FILE = MyCalculatorTests/Info.plist;
				IPHONEOS_DEPLOYMENT_TARGET = 13.7;
				LD_RUNPATH_SEARCH_PATHS = (
					"$(inherited)",
					"@executable_path/Frameworks",
					"@loader_path/Frameworks",
				);
				PRODUCT_BUNDLE_IDENTIFIER = Manoj.MyCalculatorTests;
				PRODUCT_NAME = "$(TARGET_NAME)";
				SWIFT_VERSION = 5.0;
				TARGETED_DEVICE_FAMILY = "1,2";
				TEST_HOST = "$(BUILT_PRODUCTS_DIR)/MyCalculator.app/MyCalculator";
			};
			name = Release;
		};
		AF1D7816252670A70090995A /* Debug */ = {
			isa = XCBuildConfiguration;
			buildSettings = {
				ALWAYS_EMBED_SWIFT_STANDARD_LIBRARIES = YES;
				CODE_SIGN_STYLE = Automatic;
				DEVELOPMENT_TEAM = C43UC6G233;
				INFOPLIST_FILE = MyCalculatorUITests/Info.plist;
				LD_RUNPATH_SEARCH_PATHS = (
					"$(inherited)",
					"@executable_path/Frameworks",
					"@loader_path/Frameworks",
				);
				PRODUCT_BUNDLE_IDENTIFIER = Manoj.MyCalculatorUITests;
				PRODUCT_NAME = "$(TARGET_NAME)";
				SWIFT_VERSION = 5.0;
				TARGETED_DEVICE_FAMILY = "1,2";
				TEST_TARGET_NAME = MyCalculator;
			};
			name = Debug;
		};
		AF1D7817252670A70090995A /* Release */ = {
			isa = XCBuildConfiguration;
			buildSettings = {
				ALWAYS_EMBED_SWIFT_STANDARD_LIBRARIES = YES;
				CODE_SIGN_STYLE = Automatic;
				DEVELOPMENT_TEAM = C43UC6G233;
				INFOPLIST_FILE = MyCalculatorUITests/Info.plist;
				LD_RUNPATH_SEARCH_PATHS = (
					"$(inherited)",
					"@executable_path/Frameworks",
					"@loader_path/Frameworks",
				);
				PRODUCT_BUNDLE_IDENTIFIER = Manoj.MyCalculatorUITests;
				PRODUCT_NAME = "$(TARGET_NAME)";
				SWIFT_VERSION = 5.0;
				TARGETED_DEVICE_FAMILY = "1,2";
				TEST_TARGET_NAME = MyCalculator;
			};
			name = Release;
		};
/* End XCBuildConfiguration section */

/* Begin XCConfigurationList section */
		AF1D77DD252670A30090995A /* Build configuration list for PBXProject "MyCalculator" */ = {
			isa = XCConfigurationList;
			buildConfigurations = (
				AF1D780D252670A70090995A /* Debug */,
				AF1D780E252670A70090995A /* Release */,
			);
			defaultConfigurationIsVisible = 0;
			defaultConfigurationName = Release;
		};
		AF1D780F252670A70090995A /* Build configuration list for PBXNativeTarget "MyCalculator" */ = {
			isa = XCConfigurationList;
			buildConfigurations = (
				AF1D7810252670A70090995A /* Debug */,
				AF1D7811252670A70090995A /* Release */,
			);
			defaultConfigurationIsVisible = 0;
			defaultConfigurationName = Release;
		};
		AF1D7812252670A70090995A /* Build configuration list for PBXNativeTarget "MyCalculatorTests" */ = {
			isa = XCConfigurationList;
			buildConfigurations = (
				AF1D7813252670A70090995A /* Debug */,
				AF1D7814252670A70090995A /* Release */,
			);
			defaultConfigurationIsVisible = 0;
			defaultConfigurationName = Release;
		};
		AF1D7815252670A70090995A /* Build configuration list for PBXNativeTarget "MyCalculatorUITests" */ = {
			isa = XCConfigurationList;
			buildConfigurations = (
				AF1D7816252670A70090995A /* Debug */,
				AF1D7817252670A70090995A /* Release */,
			);
			defaultConfigurationIsVisible = 0;
			defaultConfigurationName = Release;
		};
/* End XCConfigurationList section */

/* Begin XCVersionGroup section */
		AF1D77EE252670A40090995A /* MyCalculator.xcdatamodeld */ = {
			isa = XCVersionGroup;
			children = (
				AF1D77EF252670A40090995A /* MyCalculator.xcdatamodel */,
			);
			currentVersion = AF1D77EF252670A40090995A /* MyCalculator.xcdatamodel */;
			path = MyCalculator.xcdatamodeld;
			sourceTree = "<group>";
			versionGroupType = wrapper.xcdatamodel;
		};
/* End XCVersionGroup section */
	};
	rootObject = AF1D77DA252670A30090995A /* Project object */;
}
