// !$*UTF8*$!
{
	archiveVersion = 1;
	classes = {
	};
	objectVersion = 51;
	objects = {

/* Begin PBXBuildFile section */
		155667A1361DA2F95110E9BD /* Pods_BMIAppTests.framework in Frameworks */ = {isa = PBXBuildFile; fileRef = 6EB4EDB034C094BC7CB34A06 /* Pods_BMIAppTests.framework */; };
		270CC7A552193E98BC93E17A /* Pods_BMIApp.framework in Frameworks */ = {isa = PBXBuildFile; fileRef = 980790EE9F2B4E0252B1DEB4 /* Pods_BMIApp.framework */; };
		674A695A20F243ECAD38977B /* Pods_BMIApp_BMIAppUITests.framework in Frameworks */ = {isa = PBXBuildFile; fileRef = 546C0EB4568CFA1A75605425 /* Pods_BMIApp_BMIAppUITests.framework */; };
		AF56B63F2583E51700C9EC84 /* EditInformationViewController.swift in Sources */ = {isa = PBXBuildFile; fileRef = AF56B63E2583E51700C9EC84 /* EditInformationViewController.swift */; };
		AF9B734825805B7500E5FD8E /* AppDelegate.swift in Sources */ = {isa = PBXBuildFile; fileRef = AF9B734725805B7500E5FD8E /* AppDelegate.swift */; };
		AF9B734A25805B7500E5FD8E /* SceneDelegate.swift in Sources */ = {isa = PBXBuildFile; fileRef = AF9B734925805B7500E5FD8E /* SceneDelegate.swift */; };
		AF9B734C25805B7500E5FD8E /* ViewController.swift in Sources */ = {isa = PBXBuildFile; fileRef = AF9B734B25805B7500E5FD8E /* ViewController.swift */; };
		AF9B734F25805B7500E5FD8E /* Main.storyboard in Resources */ = {isa = PBXBuildFile; fileRef = AF9B734D25805B7500E5FD8E /* Main.storyboard */; };
		AF9B735225805B7500E5FD8E /* BMIApp.xcdatamodeld in Sources */ = {isa = PBXBuildFile; fileRef = AF9B735025805B7500E5FD8E /* BMIApp.xcdatamodeld */; };
		AF9B735425805B7800E5FD8E /* Assets.xcassets in Resources */ = {isa = PBXBuildFile; fileRef = AF9B735325805B7800E5FD8E /* Assets.xcassets */; };
		AF9B735725805B7800E5FD8E /* LaunchScreen.storyboard in Resources */ = {isa = PBXBuildFile; fileRef = AF9B735525805B7800E5FD8E /* LaunchScreen.storyboard */; };
		AF9B736225805B7800E5FD8E /* BMIAppTests.swift in Sources */ = {isa = PBXBuildFile; fileRef = AF9B736125805B7800E5FD8E /* BMIAppTests.swift */; };
		AF9B736D25805B7800E5FD8E /* BMIAppUITests.swift in Sources */ = {isa = PBXBuildFile; fileRef = AF9B736C25805B7800E5FD8E /* BMIAppUITests.swift */; };
		AFE704F42582BD4900928739 /* TrackingScreenViewController.swift in Sources */ = {isa = PBXBuildFile; fileRef = AFE704F32582BD4900928739 /* TrackingScreenViewController.swift */; };
		AFE704F62582C14600928739 /* ListItemTableViewCell.swift in Sources */ = {isa = PBXBuildFile; fileRef = AFE704F52582C14600928739 /* ListItemTableViewCell.swift */; };
		AFE704F82582DDB400928739 /* ListModel.swift in Sources */ = {isa = PBXBuildFile; fileRef = AFE704F72582DDB400928739 /* ListModel.swift */; };
		AFEAC8452581757100244AE0 /* GoogleService-Info.plist in Resources */ = {isa = PBXBuildFile; fileRef = AFEAC8442581757100244AE0 /* GoogleService-Info.plist */; };
/* End PBXBuildFile section */

/* Begin PBXContainerItemProxy section */
		AF9B735E25805B7800E5FD8E /* PBXContainerItemProxy */ = {
			isa = PBXContainerItemProxy;
			containerPortal = AF9B733C25805B7500E5FD8E /* Project object */;
			proxyType = 1;
			remoteGlobalIDString = AF9B734325805B7500E5FD8E;
			remoteInfo = BMIApp;
		};
		AF9B736925805B7800E5FD8E /* PBXContainerItemProxy */ = {
			isa = PBXContainerItemProxy;
			containerPortal = AF9B733C25805B7500E5FD8E /* Project object */;
			proxyType = 1;
			remoteGlobalIDString = AF9B734325805B7500E5FD8E;
			remoteInfo = BMIApp;
		};
/* End PBXContainerItemProxy section */

/* Begin PBXFileReference section */
		01077D92C893419917AC6519 /* Pods-BMIApp-BMIAppUITests.debug.xcconfig */ = {isa = PBXFileReference; includeInIndex = 1; lastKnownFileType = text.xcconfig; name = "Pods-BMIApp-BMIAppUITests.debug.xcconfig"; path = "Target Support Files/Pods-BMIApp-BMIAppUITests/Pods-BMIApp-BMIAppUITests.debug.xcconfig"; sourceTree = "<group>"; };
		1C8B305FAC82773E72844160 /* Pods-BMIApp.release.xcconfig */ = {isa = PBXFileReference; includeInIndex = 1; lastKnownFileType = text.xcconfig; name = "Pods-BMIApp.release.xcconfig"; path = "Target Support Files/Pods-BMIApp/Pods-BMIApp.release.xcconfig"; sourceTree = "<group>"; };
		22DB08A89BA5ECCBA82F3473 /* Pods-BMIAppTests.debug.xcconfig */ = {isa = PBXFileReference; includeInIndex = 1; lastKnownFileType = text.xcconfig; name = "Pods-BMIAppTests.debug.xcconfig"; path = "Target Support Files/Pods-BMIAppTests/Pods-BMIAppTests.debug.xcconfig"; sourceTree = "<group>"; };
		546C0EB4568CFA1A75605425 /* Pods_BMIApp_BMIAppUITests.framework */ = {isa = PBXFileReference; explicitFileType = wrapper.framework; includeInIndex = 0; path = Pods_BMIApp_BMIAppUITests.framework; sourceTree = BUILT_PRODUCTS_DIR; };
		6E71AF1D06A6B83D3E7DBEA4 /* Pods-BMIApp.debug.xcconfig */ = {isa = PBXFileReference; includeInIndex = 1; lastKnownFileType = text.xcconfig; name = "Pods-BMIApp.debug.xcconfig"; path = "Target Support Files/Pods-BMIApp/Pods-BMIApp.debug.xcconfig"; sourceTree = "<group>"; };
		6EB4EDB034C094BC7CB34A06 /* Pods_BMIAppTests.framework */ = {isa = PBXFileReference; explicitFileType = wrapper.framework; includeInIndex = 0; path = Pods_BMIAppTests.framework; sourceTree = BUILT_PRODUCTS_DIR; };
		7B85607D9E1A69287F3DA707 /* Pods-BMIAppTests.release.xcconfig */ = {isa = PBXFileReference; includeInIndex = 1; lastKnownFileType = text.xcconfig; name = "Pods-BMIAppTests.release.xcconfig"; path = "Target Support Files/Pods-BMIAppTests/Pods-BMIAppTests.release.xcconfig"; sourceTree = "<group>"; };
		980790EE9F2B4E0252B1DEB4 /* Pods_BMIApp.framework */ = {isa = PBXFileReference; explicitFileType = wrapper.framework; includeInIndex = 0; path = Pods_BMIApp.framework; sourceTree = BUILT_PRODUCTS_DIR; };
		AF56B63E2583E51700C9EC84 /* EditInformationViewController.swift */ = {isa = PBXFileReference; lastKnownFileType = sourcecode.swift; path = EditInformationViewController.swift; sourceTree = "<group>"; };
		AF9B734425805B7500E5FD8E /* BMIApp.app */ = {isa = PBXFileReference; explicitFileType = wrapper.application; includeInIndex = 0; path = BMIApp.app; sourceTree = BUILT_PRODUCTS_DIR; };
		AF9B734725805B7500E5FD8E /* AppDelegate.swift */ = {isa = PBXFileReference; lastKnownFileType = sourcecode.swift; path = AppDelegate.swift; sourceTree = "<group>"; };
		AF9B734925805B7500E5FD8E /* SceneDelegate.swift */ = {isa = PBXFileReference; lastKnownFileType = sourcecode.swift; path = SceneDelegate.swift; sourceTree = "<group>"; };
		AF9B734B25805B7500E5FD8E /* ViewController.swift */ = {isa = PBXFileReference; lastKnownFileType = sourcecode.swift; path = ViewController.swift; sourceTree = "<group>"; };
		AF9B734E25805B7500E5FD8E /* Base */ = {isa = PBXFileReference; lastKnownFileType = file.storyboard; name = Base; path = Base.lproj/Main.storyboard; sourceTree = "<group>"; };
		AF9B735125805B7500E5FD8E /* BMIApp.xcdatamodel */ = {isa = PBXFileReference; lastKnownFileType = wrapper.xcdatamodel; path = BMIApp.xcdatamodel; sourceTree = "<group>"; };
		AF9B735325805B7800E5FD8E /* Assets.xcassets */ = {isa = PBXFileReference; lastKnownFileType = folder.assetcatalog; path = Assets.xcassets; sourceTree = "<group>"; };
		AF9B735625805B7800E5FD8E /* Base */ = {isa = PBXFileReference; lastKnownFileType = file.storyboard; name = Base; path = Base.lproj/LaunchScreen.storyboard; sourceTree = "<group>"; };
		AF9B735825805B7800E5FD8E /* Info.plist */ = {isa = PBXFileReference; lastKnownFileType = text.plist.xml; path = Info.plist; sourceTree = "<group>"; };
		AF9B735D25805B7800E5FD8E /* BMIAppTests.xctest */ = {isa = PBXFileReference; explicitFileType = wrapper.cfbundle; includeInIndex = 0; path = BMIAppTests.xctest; sourceTree = BUILT_PRODUCTS_DIR; };
		AF9B736125805B7800E5FD8E /* BMIAppTests.swift */ = {isa = PBXFileReference; lastKnownFileType = sourcecode.swift; path = BMIAppTests.swift; sourceTree = "<group>"; };
		AF9B736325805B7800E5FD8E /* Info.plist */ = {isa = PBXFileReference; lastKnownFileType = text.plist.xml; path = Info.plist; sourceTree = "<group>"; };
		AF9B736825805B7800E5FD8E /* BMIAppUITests.xctest */ = {isa = PBXFileReference; explicitFileType = wrapper.cfbundle; includeInIndex = 0; path = BMIAppUITests.xctest; sourceTree = BUILT_PRODUCTS_DIR; };
		AF9B736C25805B7800E5FD8E /* BMIAppUITests.swift */ = {isa = PBXFileReference; lastKnownFileType = sourcecode.swift; path = BMIAppUITests.swift; sourceTree = "<group>"; };
		AF9B736E25805B7800E5FD8E /* Info.plist */ = {isa = PBXFileReference; lastKnownFileType = text.plist.xml; path = Info.plist; sourceTree = "<group>"; };
		AFE704F32582BD4900928739 /* TrackingScreenViewController.swift */ = {isa = PBXFileReference; lastKnownFileType = sourcecode.swift; path = TrackingScreenViewController.swift; sourceTree = "<group>"; };
		AFE704F52582C14600928739 /* ListItemTableViewCell.swift */ = {isa = PBXFileReference; lastKnownFileType = sourcecode.swift; path = ListItemTableViewCell.swift; sourceTree = "<group>"; };
		AFE704F72582DDB400928739 /* ListModel.swift */ = {isa = PBXFileReference; lastKnownFileType = sourcecode.swift; path = ListModel.swift; sourceTree = "<group>"; };
		AFEAC8442581757100244AE0 /* GoogleService-Info.plist */ = {isa = PBXFileReference; fileEncoding = 4; lastKnownFileType = text.plist.xml; name = "GoogleService-Info.plist"; path = "../../../../../../../Downloads/GoogleService-Info.plist"; sourceTree = "<group>"; };
		F75EAE208D2AA10BA328173D /* Pods-BMIApp-BMIAppUITests.release.xcconfig */ = {isa = PBXFileReference; includeInIndex = 1; lastKnownFileType = text.xcconfig; name = "Pods-BMIApp-BMIAppUITests.release.xcconfig"; path = "Target Support Files/Pods-BMIApp-BMIAppUITests/Pods-BMIApp-BMIAppUITests.release.xcconfig"; sourceTree = "<group>"; };
/* End PBXFileReference section */

/* Begin PBXFrameworksBuildPhase section */
		AF9B734125805B7500E5FD8E /* Frameworks */ = {
			isa = PBXFrameworksBuildPhase;
			buildActionMask = 2147483647;
			files = (
				270CC7A552193E98BC93E17A /* Pods_BMIApp.framework in Frameworks */,
			);
			runOnlyForDeploymentPostprocessing = 0;
		};
		AF9B735A25805B7800E5FD8E /* Frameworks */ = {
			isa = PBXFrameworksBuildPhase;
			buildActionMask = 2147483647;
			files = (
				155667A1361DA2F95110E9BD /* Pods_BMIAppTests.framework in Frameworks */,
			);
			runOnlyForDeploymentPostprocessing = 0;
		};
		AF9B736525805B7800E5FD8E /* Frameworks */ = {
			isa = PBXFrameworksBuildPhase;
			buildActionMask = 2147483647;
			files = (
				674A695A20F243ECAD38977B /* Pods_BMIApp_BMIAppUITests.framework in Frameworks */,
			);
			runOnlyForDeploymentPostprocessing = 0;
		};
/* End PBXFrameworksBuildPhase section */

/* Begin PBXGroup section */
		8794BC9E1CF2C751EC1B5EEA /* Frameworks */ = {
			isa = PBXGroup;
			children = (
				980790EE9F2B4E0252B1DEB4 /* Pods_BMIApp.framework */,
				546C0EB4568CFA1A75605425 /* Pods_BMIApp_BMIAppUITests.framework */,
				6EB4EDB034C094BC7CB34A06 /* Pods_BMIAppTests.framework */,
			);
			name = Frameworks;
			sourceTree = "<group>";
		};
		AF9B733B25805B7500E5FD8E = {
			isa = PBXGroup;
			children = (
				AF9B734625805B7500E5FD8E /* BMIApp */,
				AF9B736025805B7800E5FD8E /* BMIAppTests */,
				AF9B736B25805B7800E5FD8E /* BMIAppUITests */,
				AF9B734525805B7500E5FD8E /* Products */,
				FF625697798F6CDDF4A00EB2 /* Pods */,
				8794BC9E1CF2C751EC1B5EEA /* Frameworks */,
			);
			sourceTree = "<group>";
		};
		AF9B734525805B7500E5FD8E /* Products */ = {
			isa = PBXGroup;
			children = (
				AF9B734425805B7500E5FD8E /* BMIApp.app */,
				AF9B735D25805B7800E5FD8E /* BMIAppTests.xctest */,
				AF9B736825805B7800E5FD8E /* BMIAppUITests.xctest */,
			);
			name = Products;
			sourceTree = "<group>";
		};
		AF9B734625805B7500E5FD8E /* BMIApp */ = {
			isa = PBXGroup;
			children = (
				AF9B734725805B7500E5FD8E /* AppDelegate.swift */,
				AF9B734925805B7500E5FD8E /* SceneDelegate.swift */,
				AF9B734B25805B7500E5FD8E /* ViewController.swift */,
				AFE704F32582BD4900928739 /* TrackingScreenViewController.swift */,
				AF56B63E2583E51700C9EC84 /* EditInformationViewController.swift */,
				AFE704F52582C14600928739 /* ListItemTableViewCell.swift */,
				AF9B734D25805B7500E5FD8E /* Main.storyboard */,
				AF9B735325805B7800E5FD8E /* Assets.xcassets */,
				AF9B735525805B7800E5FD8E /* LaunchScreen.storyboard */,
				AF9B735825805B7800E5FD8E /* Info.plist */,
				AFEAC8442581757100244AE0 /* GoogleService-Info.plist */,
				AF9B735025805B7500E5FD8E /* BMIApp.xcdatamodeld */,
				AFE704F72582DDB400928739 /* ListModel.swift */,
			);
			path = BMIApp;
			sourceTree = "<group>";
		};
		AF9B736025805B7800E5FD8E /* BMIAppTests */ = {
			isa = PBXGroup;
			children = (
				AF9B736125805B7800E5FD8E /* BMIAppTests.swift */,
				AF9B736325805B7800E5FD8E /* Info.plist */,
			);
			path = BMIAppTests;
			sourceTree = "<group>";
		};
		AF9B736B25805B7800E5FD8E /* BMIAppUITests */ = {
			isa = PBXGroup;
			children = (
				AF9B736C25805B7800E5FD8E /* BMIAppUITests.swift */,
				AF9B736E25805B7800E5FD8E /* Info.plist */,
			);
			path = BMIAppUITests;
			sourceTree = "<group>";
		};
		FF625697798F6CDDF4A00EB2 /* Pods */ = {
			isa = PBXGroup;
			children = (
				6E71AF1D06A6B83D3E7DBEA4 /* Pods-BMIApp.debug.xcconfig */,
				1C8B305FAC82773E72844160 /* Pods-BMIApp.release.xcconfig */,
				01077D92C893419917AC6519 /* Pods-BMIApp-BMIAppUITests.debug.xcconfig */,
				F75EAE208D2AA10BA328173D /* Pods-BMIApp-BMIAppUITests.release.xcconfig */,
				22DB08A89BA5ECCBA82F3473 /* Pods-BMIAppTests.debug.xcconfig */,
				7B85607D9E1A69287F3DA707 /* Pods-BMIAppTests.release.xcconfig */,
			);
			path = Pods;
			sourceTree = "<group>";
		};
/* End PBXGroup section */

/* Begin PBXNativeTarget section */
		AF9B734325805B7500E5FD8E /* BMIApp */ = {
			isa = PBXNativeTarget;
			buildConfigurationList = AF9B737125805B7800E5FD8E /* Build configuration list for PBXNativeTarget "BMIApp" */;
			buildPhases = (
				F4E5930353B1BB765B567F30 /* [CP] Check Pods Manifest.lock */,
				AF9B734025805B7500E5FD8E /* Sources */,
				AF9B734125805B7500E5FD8E /* Frameworks */,
				AF9B734225805B7500E5FD8E /* Resources */,
				B698EFE2E2F5D8A04CD35630 /* [CP] Embed Pods Frameworks */,
			);
			buildRules = (
			);
			dependencies = (
			);
			name = BMIApp;
			productName = BMIApp;
			productReference = AF9B734425805B7500E5FD8E /* BMIApp.app */;
			productType = "com.apple.product-type.application";
		};
		AF9B735C25805B7800E5FD8E /* BMIAppTests */ = {
			isa = PBXNativeTarget;
			buildConfigurationList = AF9B737425805B7800E5FD8E /* Build configuration list for PBXNativeTarget "BMIAppTests" */;
			buildPhases = (
				FFC89CD505C72B0F26A6EA6C /* [CP] Check Pods Manifest.lock */,
				AF9B735925805B7800E5FD8E /* Sources */,
				AF9B735A25805B7800E5FD8E /* Frameworks */,
				AF9B735B25805B7800E5FD8E /* Resources */,
			);
			buildRules = (
			);
			dependencies = (
				AF9B735F25805B7800E5FD8E /* PBXTargetDependency */,
			);
			name = BMIAppTests;
			productName = BMIAppTests;
			productReference = AF9B735D25805B7800E5FD8E /* BMIAppTests.xctest */;
			productType = "com.apple.product-type.bundle.unit-test";
		};
		AF9B736725805B7800E5FD8E /* BMIAppUITests */ = {
			isa = PBXNativeTarget;
			buildConfigurationList = AF9B737725805B7800E5FD8E /* Build configuration list for PBXNativeTarget "BMIAppUITests" */;
			buildPhases = (
				5025FE5F43C4692B84E5BAD6 /* [CP] Check Pods Manifest.lock */,
				AF9B736425805B7800E5FD8E /* Sources */,
				AF9B736525805B7800E5FD8E /* Frameworks */,
				AF9B736625805B7800E5FD8E /* Resources */,
				612FAB74F084AD872D1494CB /* [CP] Embed Pods Frameworks */,
			);
			buildRules = (
			);
			dependencies = (
				AF9B736A25805B7800E5FD8E /* PBXTargetDependency */,
			);
			name = BMIAppUITests;
			productName = BMIAppUITests;
			productReference = AF9B736825805B7800E5FD8E /* BMIAppUITests.xctest */;
			productType = "com.apple.product-type.bundle.ui-testing";
		};
/* End PBXNativeTarget section */

/* Begin PBXProject section */
		AF9B733C25805B7500E5FD8E /* Project object */ = {
			isa = PBXProject;
			attributes = {
				LastSwiftUpdateCheck = 1170;
				LastUpgradeCheck = 1170;
				ORGANIZATIONNAME = Manoj;
				TargetAttributes = {
					AF9B734325805B7500E5FD8E = {
						CreatedOnToolsVersion = 11.7;
					};
					AF9B735C25805B7800E5FD8E = {
						CreatedOnToolsVersion = 11.7;
						TestTargetID = AF9B734325805B7500E5FD8E;
					};
					AF9B736725805B7800E5FD8E = {
						CreatedOnToolsVersion = 11.7;
						TestTargetID = AF9B734325805B7500E5FD8E;
					};
				};
			};
			buildConfigurationList = AF9B733F25805B7500E5FD8E /* Build configuration list for PBXProject "BMIApp" */;
			compatibilityVersion = "Xcode 9.3";
			developmentRegion = en;
			hasScannedForEncodings = 0;
			knownRegions = (
				en,
				Base,
			);
			mainGroup = AF9B733B25805B7500E5FD8E;
			productRefGroup = AF9B734525805B7500E5FD8E /* Products */;
			projectDirPath = "";
			projectRoot = "";
			targets = (
				AF9B734325805B7500E5FD8E /* BMIApp */,
				AF9B735C25805B7800E5FD8E /* BMIAppTests */,
				AF9B736725805B7800E5FD8E /* BMIAppUITests */,
			);
		};
/* End PBXProject section */

/* Begin PBXResourcesBuildPhase section */
		AF9B734225805B7500E5FD8E /* Resources */ = {
			isa = PBXResourcesBuildPhase;
			buildActionMask = 2147483647;
			files = (
				AF9B735725805B7800E5FD8E /* LaunchScreen.storyboard in Resources */,
				AFEAC8452581757100244AE0 /* GoogleService-Info.plist in Resources */,
				AF9B735425805B7800E5FD8E /* Assets.xcassets in Resources */,
				AF9B734F25805B7500E5FD8E /* Main.storyboard in Resources */,
			);
			runOnlyForDeploymentPostprocessing = 0;
		};
		AF9B735B25805B7800E5FD8E /* Resources */ = {
			isa = PBXResourcesBuildPhase;
			buildActionMask = 2147483647;
			files = (
			);
			runOnlyForDeploymentPostprocessing = 0;
		};
		AF9B736625805B7800E5FD8E /* Resources */ = {
			isa = PBXResourcesBuildPhase;
			buildActionMask = 2147483647;
			files = (
			);
			runOnlyForDeploymentPostprocessing = 0;
		};
/* End PBXResourcesBuildPhase section */

/* Begin PBXShellScriptBuildPhase section */
		5025FE5F43C4692B84E5BAD6 /* [CP] Check Pods Manifest.lock */ = {
			isa = PBXShellScriptBuildPhase;
			buildActionMask = 2147483647;
			files = (
			);
			inputFileListPaths = (
			);
			inputPaths = (
				"${PODS_PODFILE_DIR_PATH}/Podfile.lock",
				"${PODS_ROOT}/Manifest.lock",
			);
			name = "[CP] Check Pods Manifest.lock";
			outputFileListPaths = (
			);
			outputPaths = (
				"$(DERIVED_FILE_DIR)/Pods-BMIApp-BMIAppUITests-checkManifestLockResult.txt",
			);
			runOnlyForDeploymentPostprocessing = 0;
			shellPath = /bin/sh;
			shellScript = "diff \"${PODS_PODFILE_DIR_PATH}/Podfile.lock\" \"${PODS_ROOT}/Manifest.lock\" > /dev/null\nif [ $? != 0 ] ; then\n    # print error to STDERR\n    echo \"error: The sandbox is not in sync with the Podfile.lock. Run 'pod install' or update your CocoaPods installation.\" >&2\n    exit 1\nfi\n# This output is used by Xcode 'outputs' to avoid re-running this script phase.\necho \"SUCCESS\" > \"${SCRIPT_OUTPUT_FILE_0}\"\n";
			showEnvVarsInLog = 0;
		};
		612FAB74F084AD872D1494CB /* [CP] Embed Pods Frameworks */ = {
			isa = PBXShellScriptBuildPhase;
			buildActionMask = 2147483647;
			files = (
			);
			inputFileListPaths = (
				"${PODS_ROOT}/Target Support Files/Pods-BMIApp-BMIAppUITests/Pods-BMIApp-BMIAppUITests-frameworks-${CONFIGURATION}-input-files.xcfilelist",
			);
			name = "[CP] Embed Pods Frameworks";
			outputFileListPaths = (
				"${PODS_ROOT}/Target Support Files/Pods-BMIApp-BMIAppUITests/Pods-BMIApp-BMIAppUITests-frameworks-${CONFIGURATION}-output-files.xcfilelist",
			);
			runOnlyForDeploymentPostprocessing = 0;
			shellPath = /bin/sh;
			shellScript = "\"${PODS_ROOT}/Target Support Files/Pods-BMIApp-BMIAppUITests/Pods-BMIApp-BMIAppUITests-frameworks.sh\"\n";
			showEnvVarsInLog = 0;
		};
		B698EFE2E2F5D8A04CD35630 /* [CP] Embed Pods Frameworks */ = {
			isa = PBXShellScriptBuildPhase;
			buildActionMask = 2147483647;
			files = (
			);
			inputFileListPaths = (
				"${PODS_ROOT}/Target Support Files/Pods-BMIApp/Pods-BMIApp-frameworks-${CONFIGURATION}-input-files.xcfilelist",
			);
			name = "[CP] Embed Pods Frameworks";
			outputFileListPaths = (
				"${PODS_ROOT}/Target Support Files/Pods-BMIApp/Pods-BMIApp-frameworks-${CONFIGURATION}-output-files.xcfilelist",
			);
			runOnlyForDeploymentPostprocessing = 0;
			shellPath = /bin/sh;
			shellScript = "\"${PODS_ROOT}/Target Support Files/Pods-BMIApp/Pods-BMIApp-frameworks.sh\"\n";
			showEnvVarsInLog = 0;
		};
		F4E5930353B1BB765B567F30 /* [CP] Check Pods Manifest.lock */ = {
			isa = PBXShellScriptBuildPhase;
			buildActionMask = 2147483647;
			files = (
			);
			inputFileListPaths = (
			);
			inputPaths = (
				"${PODS_PODFILE_DIR_PATH}/Podfile.lock",
				"${PODS_ROOT}/Manifest.lock",
			);
			name = "[CP] Check Pods Manifest.lock";
			outputFileListPaths = (
			);
			outputPaths = (
				"$(DERIVED_FILE_DIR)/Pods-BMIApp-checkManifestLockResult.txt",
			);
			runOnlyForDeploymentPostprocessing = 0;
			shellPath = /bin/sh;
			shellScript = "diff \"${PODS_PODFILE_DIR_PATH}/Podfile.lock\" \"${PODS_ROOT}/Manifest.lock\" > /dev/null\nif [ $? != 0 ] ; then\n    # print error to STDERR\n    echo \"error: The sandbox is not in sync with the Podfile.lock. Run 'pod install' or update your CocoaPods installation.\" >&2\n    exit 1\nfi\n# This output is used by Xcode 'outputs' to avoid re-running this script phase.\necho \"SUCCESS\" > \"${SCRIPT_OUTPUT_FILE_0}\"\n";
			showEnvVarsInLog = 0;
		};
		FFC89CD505C72B0F26A6EA6C /* [CP] Check Pods Manifest.lock */ = {
			isa = PBXShellScriptBuildPhase;
			buildActionMask = 2147483647;
			files = (
			);
			inputFileListPaths = (
			);
			inputPaths = (
				"${PODS_PODFILE_DIR_PATH}/Podfile.lock",
				"${PODS_ROOT}/Manifest.lock",
			);
			name = "[CP] Check Pods Manifest.lock";
			outputFileListPaths = (
			);
			outputPaths = (
				"$(DERIVED_FILE_DIR)/Pods-BMIAppTests-checkManifestLockResult.txt",
			);
			runOnlyForDeploymentPostprocessing = 0;
			shellPath = /bin/sh;
			shellScript = "diff \"${PODS_PODFILE_DIR_PATH}/Podfile.lock\" \"${PODS_ROOT}/Manifest.lock\" > /dev/null\nif [ $? != 0 ] ; then\n    # print error to STDERR\n    echo \"error: The sandbox is not in sync with the Podfile.lock. Run 'pod install' or update your CocoaPods installation.\" >&2\n    exit 1\nfi\n# This output is used by Xcode 'outputs' to avoid re-running this script phase.\necho \"SUCCESS\" > \"${SCRIPT_OUTPUT_FILE_0}\"\n";
			showEnvVarsInLog = 0;
		};
/* End PBXShellScriptBuildPhase section */

/* Begin PBXSourcesBuildPhase section */
		AF9B734025805B7500E5FD8E /* Sources */ = {
			isa = PBXSourcesBuildPhase;
			buildActionMask = 2147483647;
			files = (
				AF9B735225805B7500E5FD8E /* BMIApp.xcdatamodeld in Sources */,
				AF56B63F2583E51700C9EC84 /* EditInformationViewController.swift in Sources */,
				AF9B734C25805B7500E5FD8E /* ViewController.swift in Sources */,
				AFE704F62582C14600928739 /* ListItemTableViewCell.swift in Sources */,
				AFE704F42582BD4900928739 /* TrackingScreenViewController.swift in Sources */,
				AFE704F82582DDB400928739 /* ListModel.swift in Sources */,
				AF9B734825805B7500E5FD8E /* AppDelegate.swift in Sources */,
				AF9B734A25805B7500E5FD8E /* SceneDelegate.swift in Sources */,
			);
			runOnlyForDeploymentPostprocessing = 0;
		};
		AF9B735925805B7800E5FD8E /* Sources */ = {
			isa = PBXSourcesBuildPhase;
			buildActionMask = 2147483647;
			files = (
				AF9B736225805B7800E5FD8E /* BMIAppTests.swift in Sources */,
			);
			runOnlyForDeploymentPostprocessing = 0;
		};
		AF9B736425805B7800E5FD8E /* Sources */ = {
			isa = PBXSourcesBuildPhase;
			buildActionMask = 2147483647;
			files = (
				AF9B736D25805B7800E5FD8E /* BMIAppUITests.swift in Sources */,
			);
			runOnlyForDeploymentPostprocessing = 0;
		};
/* End PBXSourcesBuildPhase section */

/* Begin PBXTargetDependency section */
		AF9B735F25805B7800E5FD8E /* PBXTargetDependency */ = {
			isa = PBXTargetDependency;
			target = AF9B734325805B7500E5FD8E /* BMIApp */;
			targetProxy = AF9B735E25805B7800E5FD8E /* PBXContainerItemProxy */;
		};
		AF9B736A25805B7800E5FD8E /* PBXTargetDependency */ = {
			isa = PBXTargetDependency;
			target = AF9B734325805B7500E5FD8E /* BMIApp */;
			targetProxy = AF9B736925805B7800E5FD8E /* PBXContainerItemProxy */;
		};
/* End PBXTargetDependency section */

/* Begin PBXVariantGroup section */
		AF9B734D25805B7500E5FD8E /* Main.storyboard */ = {
			isa = PBXVariantGroup;
			children = (
				AF9B734E25805B7500E5FD8E /* Base */,
			);
			name = Main.storyboard;
			sourceTree = "<group>";
		};
		AF9B735525805B7800E5FD8E /* LaunchScreen.storyboard */ = {
			isa = PBXVariantGroup;
			children = (
				AF9B735625805B7800E5FD8E /* Base */,
			);
			name = LaunchScreen.storyboard;
			sourceTree = "<group>";
		};
/* End PBXVariantGroup section */

/* Begin XCBuildConfiguration section */
		AF9B736F25805B7800E5FD8E /* Debug */ = {
			isa = XCBuildConfiguration;
			buildSettings = {
				ALWAYS_SEARCH_USER_PATHS = NO;
				CLANG_ANALYZER_NONNULL = YES;
				CLANG_ANALYZER_NUMBER_OBJECT_CONVERSION = YES_AGGRESSIVE;
				CLANG_CXX_LANGUAGE_STANDARD = "gnu++14";
				CLANG_CXX_LIBRARY = "libc++";
				CLANG_ENABLE_MODULES = YES;
				CLANG_ENABLE_OBJC_ARC = YES;
				CLANG_ENABLE_OBJC_WEAK = YES;
				CLANG_WARN_BLOCK_CAPTURE_AUTORELEASING = YES;
				CLANG_WARN_BOOL_CONVERSION = YES;
				CLANG_WARN_COMMA = YES;
				CLANG_WARN_CONSTANT_CONVERSION = YES;
				CLANG_WARN_DEPRECATED_OBJC_IMPLEMENTATIONS = YES;
				CLANG_WARN_DIRECT_OBJC_ISA_USAGE = YES_ERROR;
				CLANG_WARN_DOCUMENTATION_COMMENTS = YES;
				CLANG_WARN_EMPTY_BODY = YES;
				CLANG_WARN_ENUM_CONVERSION = YES;
				CLANG_WARN_INFINITE_RECURSION = YES;
				CLANG_WARN_INT_CONVERSION = YES;
				CLANG_WARN_NON_LITERAL_NULL_CONVERSION = YES;
				CLANG_WARN_OBJC_IMPLICIT_RETAIN_SELF = YES;
				CLANG_WARN_OBJC_LITERAL_CONVERSION = YES;
				CLANG_WARN_OBJC_ROOT_CLASS = YES_ERROR;
				CLANG_WARN_RANGE_LOOP_ANALYSIS = YES;
				CLANG_WARN_STRICT_PROTOTYPES = YES;
				CLANG_WARN_SUSPICIOUS_MOVE = YES;
				CLANG_WARN_UNGUARDED_AVAILABILITY = YES_AGGRESSIVE;
				CLANG_WARN_UNREACHABLE_CODE = YES;
				CLANG_WARN__DUPLICATE_METHOD_MATCH = YES;
				COPY_PHASE_STRIP = NO;
				DEBUG_INFORMATION_FORMAT = dwarf;
				ENABLE_STRICT_OBJC_MSGSEND = YES;
				ENABLE_TESTABILITY = YES;
				GCC_C_LANGUAGE_STANDARD = gnu11;
				GCC_DYNAMIC_NO_PIC = NO;
				GCC_NO_COMMON_BLOCKS = YES;
				GCC_OPTIMIZATION_LEVEL = 0;
				GCC_PREPROCESSOR_DEFINITIONS = (
					"DEBUG=1",
					"$(inherited)",
				);
				GCC_WARN_64_TO_32_BIT_CONVERSION = YES;
				GCC_WARN_ABOUT_RETURN_TYPE = YES_ERROR;
				GCC_WARN_UNDECLARED_SELECTOR = YES;
				GCC_WARN_UNINITIALIZED_AUTOS = YES_AGGRESSIVE;
				GCC_WARN_UNUSED_FUNCTION = YES;
				GCC_WARN_UNUSED_VARIABLE = YES;
				IPHONEOS_DEPLOYMENT_TARGET = 13.7;
				MTL_ENABLE_DEBUG_INFO = INCLUDE_SOURCE;
				MTL_FAST_MATH = YES;
				ONLY_ACTIVE_ARCH = YES;
				SDKROOT = iphoneos;
				SWIFT_ACTIVE_COMPILATION_CONDITIONS = DEBUG;
				SWIFT_OPTIMIZATION_LEVEL = "-Onone";
			};
			name = Debug;
		};
		AF9B737025805B7800E5FD8E /* Release */ = {
			isa = XCBuildConfiguration;
			buildSettings = {
				ALWAYS_SEARCH_USER_PATHS = NO;
				CLANG_ANALYZER_NONNULL = YES;
				CLANG_ANALYZER_NUMBER_OBJECT_CONVERSION = YES_AGGRESSIVE;
				CLANG_CXX_LANGUAGE_STANDARD = "gnu++14";
				CLANG_CXX_LIBRARY = "libc++";
				CLANG_ENABLE_MODULES = YES;
				CLANG_ENABLE_OBJC_ARC = YES;
				CLANG_ENABLE_OBJC_WEAK = YES;
				CLANG_WARN_BLOCK_CAPTURE_AUTORELEASING = YES;
				CLANG_WARN_BOOL_CONVERSION = YES;
				CLANG_WARN_COMMA = YES;
				CLANG_WARN_CONSTANT_CONVERSION = YES;
				CLANG_WARN_DEPRECATED_OBJC_IMPLEMENTATIONS = YES;
				CLANG_WARN_DIRECT_OBJC_ISA_USAGE = YES_ERROR;
				CLANG_WARN_DOCUMENTATION_COMMENTS = YES;
				CLANG_WARN_EMPTY_BODY = YES;
				CLANG_WARN_ENUM_CONVERSION = YES;
				CLANG_WARN_INFINITE_RECURSION = YES;
				CLANG_WARN_INT_CONVERSION = YES;
				CLANG_WARN_NON_LITERAL_NULL_CONVERSION = YES;
				CLANG_WARN_OBJC_IMPLICIT_RETAIN_SELF = YES;
				CLANG_WARN_OBJC_LITERAL_CONVERSION = YES;
				CLANG_WARN_OBJC_ROOT_CLASS = YES_ERROR;
				CLANG_WARN_RANGE_LOOP_ANALYSIS = YES;
				CLANG_WARN_STRICT_PROTOTYPES = YES;
				CLANG_WARN_SUSPICIOUS_MOVE = YES;
				CLANG_WARN_UNGUARDED_AVAILABILITY = YES_AGGRESSIVE;
				CLANG_WARN_UNREACHABLE_CODE = YES;
				CLANG_WARN__DUPLICATE_METHOD_MATCH = YES;
				COPY_PHASE_STRIP = NO;
				DEBUG_INFORMATION_FORMAT = "dwarf-with-dsym";
				ENABLE_NS_ASSERTIONS = NO;
				ENABLE_STRICT_OBJC_MSGSEND = YES;
				GCC_C_LANGUAGE_STANDARD = gnu11;
				GCC_NO_COMMON_BLOCKS = YES;
				GCC_WARN_64_TO_32_BIT_CONVERSION = YES;
				GCC_WARN_ABOUT_RETURN_TYPE = YES_ERROR;
				GCC_WARN_UNDECLARED_SELECTOR = YES;
				GCC_WARN_UNINITIALIZED_AUTOS = YES_AGGRESSIVE;
				GCC_WARN_UNUSED_FUNCTION = YES;
				GCC_WARN_UNUSED_VARIABLE = YES;
				IPHONEOS_DEPLOYMENT_TARGET = 13.7;
				MTL_ENABLE_DEBUG_INFO = NO;
				MTL_FAST_MATH = YES;
				SDKROOT = iphoneos;
				SWIFT_COMPILATION_MODE = wholemodule;
				SWIFT_OPTIMIZATION_LEVEL = "-O";
				VALIDATE_PRODUCT = YES;
			};
			name = Release;
		};
		AF9B737225805B7800E5FD8E /* Debug */ = {
			isa = XCBuildConfiguration;
			baseConfigurationReference = 6E71AF1D06A6B83D3E7DBEA4 /* Pods-BMIApp.debug.xcconfig */;
			buildSettings = {
				ASSETCATALOG_COMPILER_APPICON_NAME = AppIcon;
				CODE_SIGN_STYLE = Automatic;
				DEVELOPMENT_TEAM = C43UC6G233;
				INFOPLIST_FILE = BMIApp/Info.plist;
				LD_RUNPATH_SEARCH_PATHS = (
					"$(inherited)",
					"@executable_path/Frameworks",
				);
				PRODUCT_BUNDLE_IDENTIFIER = Manoj.BMIApp;
				PRODUCT_NAME = "$(TARGET_NAME)";
				SWIFT_VERSION = 5.0;
				TARGETED_DEVICE_FAMILY = "1,2";
			};
			name = Debug;
		};
		AF9B737325805B7800E5FD8E /* Release */ = {
			isa = XCBuildConfiguration;
			baseConfigurationReference = 1C8B305FAC82773E72844160 /* Pods-BMIApp.release.xcconfig */;
			buildSettings = {
				ASSETCATALOG_COMPILER_APPICON_NAME = AppIcon;
				CODE_SIGN_STYLE = Automatic;
				DEVELOPMENT_TEAM = C43UC6G233;
				INFOPLIST_FILE = BMIApp/Info.plist;
				LD_RUNPATH_SEARCH_PATHS = (
					"$(inherited)",
					"@executable_path/Frameworks",
				);
				PRODUCT_BUNDLE_IDENTIFIER = Manoj.BMIApp;
				PRODUCT_NAME = "$(TARGET_NAME)";
				SWIFT_VERSION = 5.0;
				TARGETED_DEVICE_FAMILY = "1,2";
			};
			name = Release;
		};
		AF9B737525805B7800E5FD8E /* Debug */ = {
			isa = XCBuildConfiguration;
			baseConfigurationReference = 22DB08A89BA5ECCBA82F3473 /* Pods-BMIAppTests.debug.xcconfig */;
			buildSettings = {
				ALWAYS_EMBED_SWIFT_STANDARD_LIBRARIES = YES;
				BUNDLE_LOADER = "$(TEST_HOST)";
				CODE_SIGN_STYLE = Automatic;
				DEVELOPMENT_TEAM = C43UC6G233;
				INFOPLIST_FILE = BMIAppTests/Info.plist;
				IPHONEOS_DEPLOYMENT_TARGET = 13.7;
				LD_RUNPATH_SEARCH_PATHS = (
					"$(inherited)",
					"@executable_path/Frameworks",
					"@loader_path/Frameworks",
				);
				PRODUCT_BUNDLE_IDENTIFIER = Manoj.BMIAppTests;
				PRODUCT_NAME = "$(TARGET_NAME)";
				SWIFT_VERSION = 5.0;
				TARGETED_DEVICE_FAMILY = "1,2";
				TEST_HOST = "$(BUILT_PRODUCTS_DIR)/BMIApp.app/BMIApp";
			};
			name = Debug;
		};
		AF9B737625805B7800E5FD8E /* Release */ = {
			isa = XCBuildConfiguration;
			baseConfigurationReference = 7B85607D9E1A69287F3DA707 /* Pods-BMIAppTests.release.xcconfig */;
			buildSettings = {
				ALWAYS_EMBED_SWIFT_STANDARD_LIBRARIES = YES;
				BUNDLE_LOADER = "$(TEST_HOST)";
				CODE_SIGN_STYLE = Automatic;
				DEVELOPMENT_TEAM = C43UC6G233;
				INFOPLIST_FILE = BMIAppTests/Info.plist;
				IPHONEOS_DEPLOYMENT_TARGET = 13.7;
				LD_RUNPATH_SEARCH_PATHS = (
					"$(inherited)",
					"@executable_path/Frameworks",
					"@loader_path/Frameworks",
				);
				PRODUCT_BUNDLE_IDENTIFIER = Manoj.BMIAppTests;
				PRODUCT_NAME = "$(TARGET_NAME)";
				SWIFT_VERSION = 5.0;
				TARGETED_DEVICE_FAMILY = "1,2";
				TEST_HOST = "$(BUILT_PRODUCTS_DIR)/BMIApp.app/BMIApp";
			};
			name = Release;
		};
		AF9B737825805B7800E5FD8E /* Debug */ = {
			isa = XCBuildConfiguration;
			baseConfigurationReference = 01077D92C893419917AC6519 /* Pods-BMIApp-BMIAppUITests.debug.xcconfig */;
			buildSettings = {
				ALWAYS_EMBED_SWIFT_STANDARD_LIBRARIES = YES;
				CODE_SIGN_STYLE = Automatic;
				DEVELOPMENT_TEAM = C43UC6G233;
				INFOPLIST_FILE = BMIAppUITests/Info.plist;
				LD_RUNPATH_SEARCH_PATHS = (
					"$(inherited)",
					"@executable_path/Frameworks",
					"@loader_path/Frameworks",
				);
				PRODUCT_BUNDLE_IDENTIFIER = Manoj.BMIAppUITests;
				PRODUCT_NAME = "$(TARGET_NAME)";
				SWIFT_VERSION = 5.0;
				TARGETED_DEVICE_FAMILY = "1,2";
				TEST_TARGET_NAME = BMIApp;
			};
			name = Debug;
		};
		AF9B737925805B7800E5FD8E /* Release */ = {
			isa = XCBuildConfiguration;
			baseConfigurationReference = F75EAE208D2AA10BA328173D /* Pods-BMIApp-BMIAppUITests.release.xcconfig */;
			buildSettings = {
				ALWAYS_EMBED_SWIFT_STANDARD_LIBRARIES = YES;
				CODE_SIGN_STYLE = Automatic;
				DEVELOPMENT_TEAM = C43UC6G233;
				INFOPLIST_FILE = BMIAppUITests/Info.plist;
				LD_RUNPATH_SEARCH_PATHS = (
					"$(inherited)",
					"@executable_path/Frameworks",
					"@loader_path/Frameworks",
				);
				PRODUCT_BUNDLE_IDENTIFIER = Manoj.BMIAppUITests;
				PRODUCT_NAME = "$(TARGET_NAME)";
				SWIFT_VERSION = 5.0;
				TARGETED_DEVICE_FAMILY = "1,2";
				TEST_TARGET_NAME = BMIApp;
			};
			name = Release;
		};
/* End XCBuildConfiguration section */

/* Begin XCConfigurationList section */
		AF9B733F25805B7500E5FD8E /* Build configuration list for PBXProject "BMIApp" */ = {
			isa = XCConfigurationList;
			buildConfigurations = (
				AF9B736F25805B7800E5FD8E /* Debug */,
				AF9B737025805B7800E5FD8E /* Release */,
			);
			defaultConfigurationIsVisible = 0;
			defaultConfigurationName = Release;
		};
		AF9B737125805B7800E5FD8E /* Build configuration list for PBXNativeTarget "BMIApp" */ = {
			isa = XCConfigurationList;
			buildConfigurations = (
				AF9B737225805B7800E5FD8E /* Debug */,
				AF9B737325805B7800E5FD8E /* Release */,
			);
			defaultConfigurationIsVisible = 0;
			defaultConfigurationName = Release;
		};
		AF9B737425805B7800E5FD8E /* Build configuration list for PBXNativeTarget "BMIAppTests" */ = {
			isa = XCConfigurationList;
			buildConfigurations = (
				AF9B737525805B7800E5FD8E /* Debug */,
				AF9B737625805B7800E5FD8E /* Release */,
			);
			defaultConfigurationIsVisible = 0;
			defaultConfigurationName = Release;
		};
		AF9B737725805B7800E5FD8E /* Build configuration list for PBXNativeTarget "BMIAppUITests" */ = {
			isa = XCConfigurationList;
			buildConfigurations = (
				AF9B737825805B7800E5FD8E /* Debug */,
				AF9B737925805B7800E5FD8E /* Release */,
			);
			defaultConfigurationIsVisible = 0;
			defaultConfigurationName = Release;
		};
/* End XCConfigurationList section */

/* Begin XCVersionGroup section */
		AF9B735025805B7500E5FD8E /* BMIApp.xcdatamodeld */ = {
			isa = XCVersionGroup;
			children = (
				AF9B735125805B7500E5FD8E /* BMIApp.xcdatamodel */,
			);
			currentVersion = AF9B735125805B7500E5FD8E /* BMIApp.xcdatamodel */;
			path = BMIApp.xcdatamodeld;
			sourceTree = "<group>";
			versionGroupType = wrapper.xcdatamodel;
		};
/* End XCVersionGroup section */
	};
	rootObject = AF9B733C25805B7500E5FD8E /* Project object */;
}
